
Microsoft Visual Studio Solution File, Format Version 12.00
# Visual Studio Version 17
VisualStudioVersion = 17.4.33213.308
MinimumVisualStudioVersion = 10.0.40219.1
Project("{2150E333-8FDC-42A3-9474-1A3956D46DE8}") = "src", "src", "{2A66F601-CB49-4497-97D1-37C5021C164C}"
EndProject
Project("{2150E333-8FDC-42A3-9474-1A3956D46DE8}") = "ApiGateways", "ApiGateways", "{FFCC3322-E790-4832-9D60-40111EB43824}"
EndProject
Project("{2150E333-8FDC-42A3-9474-1A3956D46DE8}") = "BuildingBlocks", "BuildingBlocks", "{5E2C4BB3-5E44-421E-89DD-C506E3DAAC0E}"
EndProject
Project("{2150E333-8FDC-42A3-9474-1A3956D46DE8}") = "Services", "Services", "{0264857F-FB40-4C89-98B8-606FDCC24295}"
EndProject
Project("{2150E333-8FDC-42A3-9474-1A3956D46DE8}") = "WebApps", "WebApps", "{33677FD6-62CB-449D-A584-F15EFE6F457B}"
EndProject
Project("{2150E333-8FDC-42A3-9474-1A3956D46DE8}") = "Basket", "Basket", "{1A902706-91A2-4B0F-B66A-672373B28148}"
EndProject
Project("{2150E333-8FDC-42A3-9474-1A3956D46DE8}") = "Catalog", "Catalog", "{90FB92CA-F469-44E0-82D3-22FFBCDB6242}"
EndProject
Project("{2150E333-8FDC-42A3-9474-1A3956D46DE8}") = "Discount", "Discount", "{9FFCFF6C-BE1B-438D-A8B9-0AB65FD84C28}"
EndProject
Project("{2150E333-8FDC-42A3-9474-1A3956D46DE8}") = "Ordering", "Ordering", "{C3E43843-95EC-42E7-9623-E6C367DA06C6}"
EndProject
Project("{FAE04EC0-301F-11D3-BF4B-00C04F79EFBC}") = "Basket.API", "Basket.API\Basket.API.csproj", "{ED8860AD-0F61-4A71-956C-E6FF8A44C723}"
EndProject
Project("{FAE04EC0-301F-11D3-BF4B-00C04F79EFBC}") = "Catalog.API", "Catalog.API\Catalog.API.csproj", "{509DC796-FF82-49ED-A41F-C110550289A7}"
EndProject
Project("{FAE04EC0-301F-11D3-BF4B-00C04F79EFBC}") = "Discount.API", "Discount.API\Discount.API.csproj", "{C47D0A6E-07BF-4B35-83A7-72E50452D4A7}"
EndProject
Project("{FAE04EC0-301F-11D3-BF4B-00C04F79EFBC}") = "Ordering.API", "Ordering.API\Ordering.API.csproj", "{DD039D79-6E3E-4F3E-AF67-E8A64C6BA66A}"
EndProject
Project("{FAE04EC0-301F-11D3-BF4B-00C04F79EFBC}") = "Ordering.Domain", "Ordering.Domain\Ordering.Domain.csproj", "{E4377180-A993-47B5-8A41-9BC7FC5797B7}"
EndProject
Project("{FAE04EC0-301F-11D3-BF4B-00C04F79EFBC}") = "Ordering.Application", "Ordering.Application\Ordering.Application.csproj", "{9F6D3197-0515-4D41-9AA2-3671B79EC71F}"
EndProject
Project("{FAE04EC0-301F-11D3-BF4B-00C04F79EFBC}") = "Ordering.Infrastructure", "Ordering.Infrastructure\Ordering.Infrastructure.csproj", "{3918FA19-5F72-49EE-B263-5220C8B6F31A}"
EndProject
Project("{2150E333-8FDC-42A3-9474-1A3956D46DE8}") = "Solution Items", "Solution Items", "{011734AD-4423-4B52-ABB0-6A4DB166FDEE}"
	ProjectSection(SolutionItems) = preProject
		.gitignore = .gitignore
	EndProjectSection
EndProject
Global
	GlobalSection(SolutionConfigurationPlatforms) = preSolution
		Debug|Any CPU = Debug|Any CPU
		Release|Any CPU = Release|Any CPU
	EndGlobalSection
	GlobalSection(ProjectConfigurationPlatforms) = postSolution
		{ED8860AD-0F61-4A71-956C-E6FF8A44C723}.Debug|Any CPU.ActiveCfg = Debug|Any CPU
		{ED8860AD-0F61-4A71-956C-E6FF8A44C723}.Debug|Any CPU.Build.0 = Debug|Any CPU
		{ED8860AD-0F61-4A71-956C-E6FF8A44C723}.Release|Any CPU.ActiveCfg = Release|Any CPU
		{ED8860AD-0F61-4A71-956C-E6FF8A44C723}.Release|Any CPU.Build.0 = Release|Any CPU
		{509DC796-FF82-49ED-A41F-C110550289A7}.Debug|Any CPU.ActiveCfg = Debug|Any CPU
		{509DC796-FF82-49ED-A41F-C110550289A7}.Debug|Any CPU.Build.0 = Debug|Any CPU
		{509DC796-FF82-49ED-A41F-C110550289A7}.Release|Any CPU.ActiveCfg = Release|Any CPU
		{509DC796-FF82-49ED-A41F-C110550289A7}.Release|Any CPU.Build.0 = Release|Any CPU
		{C47D0A6E-07BF-4B35-83A7-72E50452D4A7}.Debug|Any CPU.ActiveCfg = Debug|Any CPU
		{C47D0A6E-07BF-4B35-83A7-72E50452D4A7}.Debug|Any CPU.Build.0 = Debug|Any CPU
		{C47D0A6E-07BF-4B35-83A7-72E50452D4A7}.Release|Any CPU.ActiveCfg = Release|Any CPU
		{C47D0A6E-07BF-4B35-83A7-72E50452D4A7}.Release|Any CPU.Build.0 = Release|Any CPU
		{DD039D79-6E3E-4F3E-AF67-E8A64C6BA66A}.Debug|Any CPU.ActiveCfg = Debug|Any CPU
		{DD039D79-6E3E-4F3E-AF67-E8A64C6BA66A}.Debug|Any CPU.Build.0 = Debug|Any CPU
		{DD039D79-6E3E-4F3E-AF67-E8A64C6BA66A}.Release|Any CPU.ActiveCfg = Release|Any CPU
		{DD039D79-6E3E-4F3E-AF67-E8A64C6BA66A}.Release|Any CPU.Build.0 = Release|Any CPU
		{E4377180-A993-47B5-8A41-9BC7FC5797B7}.Debug|Any CPU.ActiveCfg = Debug|Any CPU
		{E4377180-A993-47B5-8A41-9BC7FC5797B7}.Debug|Any CPU.Build.0 = Debug|Any CPU
		{E4377180-A993-47B5-8A41-9BC7FC5797B7}.Release|Any CPU.ActiveCfg = Release|Any CPU
		{E4377180-A993-47B5-8A41-9BC7FC5797B7}.Release|Any CPU.Build.0 = Release|Any CPU
		{9F6D3197-0515-4D41-9AA2-3671B79EC71F}.Debug|Any CPU.ActiveCfg = Debug|Any CPU
		{9F6D3197-0515-4D41-9AA2-3671B79EC71F}.Debug|Any CPU.Build.0 = Debug|Any CPU
		{9F6D3197-0515-4D41-9AA2-3671B79EC71F}.Release|Any CPU.ActiveCfg = Release|Any CPU
		{9F6D3197-0515-4D41-9AA2-3671B79EC71F}.Release|Any CPU.Build.0 = Release|Any CPU
		{3918FA19-5F72-49EE-B263-5220C8B6F31A}.Debug|Any CPU.ActiveCfg = Debug|Any CPU
		{3918FA19-5F72-49EE-B263-5220C8B6F31A}.Debug|Any CPU.Build.0 = Debug|Any CPU
		{3918FA19-5F72-49EE-B263-5220C8B6F31A}.Release|Any CPU.ActiveCfg = Release|Any CPU
		{3918FA19-5F72-49EE-B263-5220C8B6F31A}.Release|Any CPU.Build.0 = Release|Any CPU
	EndGlobalSection
	GlobalSection(SolutionProperties) = preSolution
		HideSolutionNode = FALSE
	EndGlobalSection
	GlobalSection(NestedProjects) = preSolution
		{FFCC3322-E790-4832-9D60-40111EB43824} = {2A66F601-CB49-4497-97D1-37C5021C164C}
		{5E2C4BB3-5E44-421E-89DD-C506E3DAAC0E} = {2A66F601-CB49-4497-97D1-37C5021C164C}
		{0264857F-FB40-4C89-98B8-606FDCC24295} = {2A66F601-CB49-4497-97D1-37C5021C164C}
		{33677FD6-62CB-449D-A584-F15EFE6F457B} = {2A66F601-CB49-4497-97D1-37C5021C164C}
		{1A902706-91A2-4B0F-B66A-672373B28148} = {0264857F-FB40-4C89-98B8-606FDCC24295}
		{90FB92CA-F469-44E0-82D3-22FFBCDB6242} = {0264857F-FB40-4C89-98B8-606FDCC24295}
		{9FFCFF6C-BE1B-438D-A8B9-0AB65FD84C28} = {0264857F-FB40-4C89-98B8-606FDCC24295}
		{C3E43843-95EC-42E7-9623-E6C367DA06C6} = {0264857F-FB40-4C89-98B8-606FDCC24295}
		{ED8860AD-0F61-4A71-956C-E6FF8A44C723} = {1A902706-91A2-4B0F-B66A-672373B28148}
		{509DC796-FF82-49ED-A41F-C110550289A7} = {90FB92CA-F469-44E0-82D3-22FFBCDB6242}
		{C47D0A6E-07BF-4B35-83A7-72E50452D4A7} = {9FFCFF6C-BE1B-438D-A8B9-0AB65FD84C28}
		{DD039D79-6E3E-4F3E-AF67-E8A64C6BA66A} = {C3E43843-95EC-42E7-9623-E6C367DA06C6}
		{E4377180-A993-47B5-8A41-9BC7FC5797B7} = {C3E43843-95EC-42E7-9623-E6C367DA06C6}
		{9F6D3197-0515-4D41-9AA2-3671B79EC71F} = {C3E43843-95EC-42E7-9623-E6C367DA06C6}
		{3918FA19-5F72-49EE-B263-5220C8B6F31A} = {C3E43843-95EC-42E7-9623-E6C367DA06C6}
	EndGlobalSection
	GlobalSection(ExtensibilityGlobals) = postSolution
		SolutionGuid = {F0365679-2B04-4F41-9446-E899F813F0D7}
	EndGlobalSection
EndGlobal
