
Microsoft Visual Studio Solution File, Format Version 12.00
# Visual Studio Version 17
VisualStudioVersion = 17.4.33213.308
MinimumVisualStudioVersion = 10.0.40219.1
Project("{2150E333-8FDC-42A3-9474-1A3956D46DE8}") = "src", "src", "{2A66F601-CB49-4497-97D1-37C5021C164C}"
EndProject
Project("{2150E333-8FDC-42A3-9474-1A3956D46DE8}") = "ApiGateways", "ApiGateways", "{FFCC3322-E790-4832-9D60-40111EB43824}"
EndProject
Project("{2150E333-8FDC-42A3-9474-1A3956D46DE8}") = "BuildingBlocks", "BuildingBlocks", "{5E2C4BB3-5E44-421E-89DD-C506E3DAAC0E}"
EndProject
Project("{2150E333-8FDC-42A3-9474-1A3956D46DE8}") = "Services", "Services", "{0264857F-FB40-4C89-98B8-606FDCC24295}"
EndProject
Project("{2150E333-8FDC-42A3-9474-1A3956D46DE8}") = "WebApps", "WebApps", "{33677FD6-62CB-449D-A584-F15EFE6F457B}"
EndProject
Project("{2150E333-8FDC-42A3-9474-1A3956D46DE8}") = "Basket", "Basket", "{1A902706-91A2-4B0F-B66A-672373B28148}"
EndProject
Project("{2150E333-8FDC-42A3-9474-1A3956D46DE8}") = "Catalog", "Catalog", "{90FB92CA-F469-44E0-82D3-22FFBCDB6242}"
	ProjectSection(SolutionItems) = preProject
		MongoDbDockerCommands.txt = MongoDbDockerCommands.txt
	EndProjectSection
EndProject
Project("{2150E333-8FDC-42A3-9474-1A3956D46DE8}") = "Discount", "Discount", "{9FFCFF6C-BE1B-438D-A8B9-0AB65FD84C28}"
EndProject
Project("{2150E333-8FDC-42A3-9474-1A3956D46DE8}") = "Ordering", "Ordering", "{C3E43843-95EC-42E7-9623-E6C367DA06C6}"
	ProjectSection(SolutionItems) = preProject
		src\Services\Ordering\docker-compose.yml = src\Services\Ordering\docker-compose.yml
	EndProjectSection
EndProject
Project("{2150E333-8FDC-42A3-9474-1A3956D46DE8}") = "Solution Items", "Solution Items", "{011734AD-4423-4B52-ABB0-6A4DB166FDEE}"
	ProjectSection(SolutionItems) = preProject
		.gitignore = .gitignore
	EndProjectSection
EndProject
Project("{9A19103F-16F7-4668-BE54-9A1E7A4F7556}") = "Basket.API", "src\Services\Basket\Basket.API\Basket.API.csproj", "{D9AC7E91-6736-413C-A471-041A53E03863}"
EndProject
Project("{9A19103F-16F7-4668-BE54-9A1E7A4F7556}") = "Catalog.API", "src\Services\Catalog\Catalog.API\Catalog.API.csproj", "{F61AC2F2-8B0D-436A-9659-9D97E9982C4D}"
EndProject
Project("{9A19103F-16F7-4668-BE54-9A1E7A4F7556}") = "Ordering.API", "src\Services\Ordering\Ordering.API\Ordering.API.csproj", "{E34DA0A6-86C9-4978-A6FB-7E6EE80353A2}"
EndProject
Project("{9A19103F-16F7-4668-BE54-9A1E7A4F7556}") = "Ordering.Domain", "src\Services\Ordering\Ordering.Domain\Ordering.Domain.csproj", "{3CFB64ED-2567-4C64-9C06-0B687E103557}"
EndProject
Project("{9A19103F-16F7-4668-BE54-9A1E7A4F7556}") = "Ordering.Application", "src\Services\Ordering\Ordering.Application\Ordering.Application.csproj", "{36B196C4-C312-4EF6-8D25-31E8A0904DE4}"
EndProject
Project("{9A19103F-16F7-4668-BE54-9A1E7A4F7556}") = "Ordering.Infrastructure", "src\Services\Ordering\Ordering.Infrastructure\Ordering.Infrastructure.csproj", "{42C03BB6-B55A-4FD2-B9F3-428B57C824B0}"
EndProject
Project("{9A19103F-16F7-4668-BE54-9A1E7A4F7556}") = "Basket.UnitTests", "src\Services\Basket\Basket.UnitTests\Basket.UnitTests.csproj", "{FBBD25B0-2BB7-4B14-871F-272C3C08B1E0}"
EndProject
Project("{9A19103F-16F7-4668-BE54-9A1E7A4F7556}") = "Catalog.UnitTests", "src\Services\Catalog\Catalog.UnitTests\Catalog.UnitTests.csproj", "{1B6E3046-7C4E-4EF5-A888-9D561C3420E3}"
EndProject
Project("{2150E333-8FDC-42A3-9474-1A3956D46DE8}") = "Shared", "Shared", "{B840BCDC-370C-45CF-B7B2-AFF72FA55F76}"
EndProject
Project("{9A19103F-16F7-4668-BE54-9A1E7A4F7556}") = "Shared.Utilities", "src\Services\Shared\Shared.Utils\Shared.Utilities.csproj", "{043D2125-80EB-49A1-ACE4-20AE90D45BEA}"
EndProject
Project("{9A19103F-16F7-4668-BE54-9A1E7A4F7556}") = "Discount.GRPC", "src\Services\Discount\Discount.GRPC\Discount.GRPC.csproj", "{B2394BCC-B3F5-4072-B887-1510B6C84D2B}"
EndProject
Project("{9A19103F-16F7-4668-BE54-9A1E7A4F7556}") = "Discount.IntegrationTests", "src\Services\Discount\Discount.IntegrationTests\Discount.IntegrationTests.csproj", "{ADAEFCDB-CAE9-45C1-BB45-D347914B541B}"
EndProject
Project("{9A19103F-16F7-4668-BE54-9A1E7A4F7556}") = "EventBus.Messages", "src\BuildingBlocks\EventBus.Messages\EventBus.Messages.csproj", "{8F04743D-0DBF-4016-9416-941145633995}"
EndProject
Project("{9A19103F-16F7-4668-BE54-9A1E7A4F7556}") = "Shared.Responses", "src\Services\Shared\Shared.Responses\Shared.Responses.csproj", "{CDE4770E-24EB-4C02-8EB6-DE0EC35D6F66}"
EndProject
Project("{9A19103F-16F7-4668-BE54-9A1E7A4F7556}") = "Shared.Configs", "src\Services\Shared\Shared.Configs\Shared.Configs.csproj", "{15A143CE-9FA4-438A-8AD9-6AF4F4FFA4D1}"
EndProject
Project("{9A19103F-16F7-4668-BE54-9A1E7A4F7556}") = "Ordering.UnitTests", "src\Services\Ordering\Ordering.UnitTests\Ordering.UnitTests.csproj", "{051A4EAA-2EF6-4BE4-BCE4-E341673B4C02}"
EndProject
Global
	GlobalSection(SolutionConfigurationPlatforms) = preSolution
		Debug|Any CPU = Debug|Any CPU
		Release|Any CPU = Release|Any CPU
	EndGlobalSection
	GlobalSection(ProjectConfigurationPlatforms) = postSolution
		{D9AC7E91-6736-413C-A471-041A53E03863}.Debug|Any CPU.ActiveCfg = Debug|Any CPU
		{D9AC7E91-6736-413C-A471-041A53E03863}.Debug|Any CPU.Build.0 = Debug|Any CPU
		{D9AC7E91-6736-413C-A471-041A53E03863}.Release|Any CPU.ActiveCfg = Release|Any CPU
		{D9AC7E91-6736-413C-A471-041A53E03863}.Release|Any CPU.Build.0 = Release|Any CPU
		{F61AC2F2-8B0D-436A-9659-9D97E9982C4D}.Debug|Any CPU.ActiveCfg = Debug|Any CPU
		{F61AC2F2-8B0D-436A-9659-9D97E9982C4D}.Debug|Any CPU.Build.0 = Debug|Any CPU
		{F61AC2F2-8B0D-436A-9659-9D97E9982C4D}.Release|Any CPU.ActiveCfg = Release|Any CPU
		{F61AC2F2-8B0D-436A-9659-9D97E9982C4D}.Release|Any CPU.Build.0 = Release|Any CPU
		{E34DA0A6-86C9-4978-A6FB-7E6EE80353A2}.Debug|Any CPU.ActiveCfg = Debug|Any CPU
		{E34DA0A6-86C9-4978-A6FB-7E6EE80353A2}.Debug|Any CPU.Build.0 = Debug|Any CPU
		{E34DA0A6-86C9-4978-A6FB-7E6EE80353A2}.Release|Any CPU.ActiveCfg = Release|Any CPU
		{E34DA0A6-86C9-4978-A6FB-7E6EE80353A2}.Release|Any CPU.Build.0 = Release|Any CPU
		{3CFB64ED-2567-4C64-9C06-0B687E103557}.Debug|Any CPU.ActiveCfg = Debug|Any CPU
		{3CFB64ED-2567-4C64-9C06-0B687E103557}.Debug|Any CPU.Build.0 = Debug|Any CPU
		{3CFB64ED-2567-4C64-9C06-0B687E103557}.Release|Any CPU.ActiveCfg = Release|Any CPU
		{3CFB64ED-2567-4C64-9C06-0B687E103557}.Release|Any CPU.Build.0 = Release|Any CPU
		{36B196C4-C312-4EF6-8D25-31E8A0904DE4}.Debug|Any CPU.ActiveCfg = Debug|Any CPU
		{36B196C4-C312-4EF6-8D25-31E8A0904DE4}.Debug|Any CPU.Build.0 = Debug|Any CPU
		{36B196C4-C312-4EF6-8D25-31E8A0904DE4}.Release|Any CPU.ActiveCfg = Release|Any CPU
		{36B196C4-C312-4EF6-8D25-31E8A0904DE4}.Release|Any CPU.Build.0 = Release|Any CPU
		{42C03BB6-B55A-4FD2-B9F3-428B57C824B0}.Debug|Any CPU.ActiveCfg = Debug|Any CPU
		{42C03BB6-B55A-4FD2-B9F3-428B57C824B0}.Debug|Any CPU.Build.0 = Debug|Any CPU
		{42C03BB6-B55A-4FD2-B9F3-428B57C824B0}.Release|Any CPU.ActiveCfg = Release|Any CPU
		{42C03BB6-B55A-4FD2-B9F3-428B57C824B0}.Release|Any CPU.Build.0 = Release|Any CPU
		{FBBD25B0-2BB7-4B14-871F-272C3C08B1E0}.Debug|Any CPU.ActiveCfg = Debug|Any CPU
		{FBBD25B0-2BB7-4B14-871F-272C3C08B1E0}.Debug|Any CPU.Build.0 = Debug|Any CPU
		{FBBD25B0-2BB7-4B14-871F-272C3C08B1E0}.Release|Any CPU.ActiveCfg = Release|Any CPU
		{FBBD25B0-2BB7-4B14-871F-272C3C08B1E0}.Release|Any CPU.Build.0 = Release|Any CPU
		{1B6E3046-7C4E-4EF5-A888-9D561C3420E3}.Debug|Any CPU.ActiveCfg = Debug|Any CPU
		{1B6E3046-7C4E-4EF5-A888-9D561C3420E3}.Debug|Any CPU.Build.0 = Debug|Any CPU
		{1B6E3046-7C4E-4EF5-A888-9D561C3420E3}.Release|Any CPU.ActiveCfg = Release|Any CPU
		{1B6E3046-7C4E-4EF5-A888-9D561C3420E3}.Release|Any CPU.Build.0 = Release|Any CPU
		{043D2125-80EB-49A1-ACE4-20AE90D45BEA}.Debug|Any CPU.ActiveCfg = Debug|Any CPU
		{043D2125-80EB-49A1-ACE4-20AE90D45BEA}.Debug|Any CPU.Build.0 = Debug|Any CPU
		{043D2125-80EB-49A1-ACE4-20AE90D45BEA}.Release|Any CPU.ActiveCfg = Release|Any CPU
		{043D2125-80EB-49A1-ACE4-20AE90D45BEA}.Release|Any CPU.Build.0 = Release|Any CPU
		{B2394BCC-B3F5-4072-B887-1510B6C84D2B}.Debug|Any CPU.ActiveCfg = Debug|Any CPU
		{B2394BCC-B3F5-4072-B887-1510B6C84D2B}.Debug|Any CPU.Build.0 = Debug|Any CPU
		{B2394BCC-B3F5-4072-B887-1510B6C84D2B}.Release|Any CPU.ActiveCfg = Release|Any CPU
		{B2394BCC-B3F5-4072-B887-1510B6C84D2B}.Release|Any CPU.Build.0 = Release|Any CPU
		{ADAEFCDB-CAE9-45C1-BB45-D347914B541B}.Debug|Any CPU.ActiveCfg = Debug|Any CPU
		{ADAEFCDB-CAE9-45C1-BB45-D347914B541B}.Debug|Any CPU.Build.0 = Debug|Any CPU
		{ADAEFCDB-CAE9-45C1-BB45-D347914B541B}.Release|Any CPU.ActiveCfg = Release|Any CPU
		{ADAEFCDB-CAE9-45C1-BB45-D347914B541B}.Release|Any CPU.Build.0 = Release|Any CPU
		{8F04743D-0DBF-4016-9416-941145633995}.Debug|Any CPU.ActiveCfg = Debug|Any CPU
		{8F04743D-0DBF-4016-9416-941145633995}.Debug|Any CPU.Build.0 = Debug|Any CPU
		{8F04743D-0DBF-4016-9416-941145633995}.Release|Any CPU.ActiveCfg = Release|Any CPU
		{8F04743D-0DBF-4016-9416-941145633995}.Release|Any CPU.Build.0 = Release|Any CPU
		{CDE4770E-24EB-4C02-8EB6-DE0EC35D6F66}.Debug|Any CPU.ActiveCfg = Debug|Any CPU
		{CDE4770E-24EB-4C02-8EB6-DE0EC35D6F66}.Debug|Any CPU.Build.0 = Debug|Any CPU
		{CDE4770E-24EB-4C02-8EB6-DE0EC35D6F66}.Release|Any CPU.ActiveCfg = Release|Any CPU
		{CDE4770E-24EB-4C02-8EB6-DE0EC35D6F66}.Release|Any CPU.Build.0 = Release|Any CPU
		{15A143CE-9FA4-438A-8AD9-6AF4F4FFA4D1}.Debug|Any CPU.ActiveCfg = Debug|Any CPU
		{15A143CE-9FA4-438A-8AD9-6AF4F4FFA4D1}.Debug|Any CPU.Build.0 = Debug|Any CPU
		{15A143CE-9FA4-438A-8AD9-6AF4F4FFA4D1}.Release|Any CPU.ActiveCfg = Release|Any CPU
		{15A143CE-9FA4-438A-8AD9-6AF4F4FFA4D1}.Release|Any CPU.Build.0 = Release|Any CPU
		{051A4EAA-2EF6-4BE4-BCE4-E341673B4C02}.Debug|Any CPU.ActiveCfg = Debug|Any CPU
		{051A4EAA-2EF6-4BE4-BCE4-E341673B4C02}.Debug|Any CPU.Build.0 = Debug|Any CPU
		{051A4EAA-2EF6-4BE4-BCE4-E341673B4C02}.Release|Any CPU.ActiveCfg = Release|Any CPU
		{051A4EAA-2EF6-4BE4-BCE4-E341673B4C02}.Release|Any CPU.Build.0 = Release|Any CPU
	EndGlobalSection
	GlobalSection(SolutionProperties) = preSolution
		HideSolutionNode = FALSE
	EndGlobalSection
	GlobalSection(NestedProjects) = preSolution
		{FFCC3322-E790-4832-9D60-40111EB43824} = {2A66F601-CB49-4497-97D1-37C5021C164C}
		{5E2C4BB3-5E44-421E-89DD-C506E3DAAC0E} = {2A66F601-CB49-4497-97D1-37C5021C164C}
		{0264857F-FB40-4C89-98B8-606FDCC24295} = {2A66F601-CB49-4497-97D1-37C5021C164C}
		{33677FD6-62CB-449D-A584-F15EFE6F457B} = {2A66F601-CB49-4497-97D1-37C5021C164C}
		{1A902706-91A2-4B0F-B66A-672373B28148} = {0264857F-FB40-4C89-98B8-606FDCC24295}
		{90FB92CA-F469-44E0-82D3-22FFBCDB6242} = {0264857F-FB40-4C89-98B8-606FDCC24295}
		{9FFCFF6C-BE1B-438D-A8B9-0AB65FD84C28} = {0264857F-FB40-4C89-98B8-606FDCC24295}
		{C3E43843-95EC-42E7-9623-E6C367DA06C6} = {0264857F-FB40-4C89-98B8-606FDCC24295}
		{D9AC7E91-6736-413C-A471-041A53E03863} = {1A902706-91A2-4B0F-B66A-672373B28148}
		{F61AC2F2-8B0D-436A-9659-9D97E9982C4D} = {90FB92CA-F469-44E0-82D3-22FFBCDB6242}
		{E34DA0A6-86C9-4978-A6FB-7E6EE80353A2} = {C3E43843-95EC-42E7-9623-E6C367DA06C6}
		{3CFB64ED-2567-4C64-9C06-0B687E103557} = {C3E43843-95EC-42E7-9623-E6C367DA06C6}
		{36B196C4-C312-4EF6-8D25-31E8A0904DE4} = {C3E43843-95EC-42E7-9623-E6C367DA06C6}
		{42C03BB6-B55A-4FD2-B9F3-428B57C824B0} = {C3E43843-95EC-42E7-9623-E6C367DA06C6}
		{FBBD25B0-2BB7-4B14-871F-272C3C08B1E0} = {1A902706-91A2-4B0F-B66A-672373B28148}
		{1B6E3046-7C4E-4EF5-A888-9D561C3420E3} = {90FB92CA-F469-44E0-82D3-22FFBCDB6242}
		{B840BCDC-370C-45CF-B7B2-AFF72FA55F76} = {0264857F-FB40-4C89-98B8-606FDCC24295}
		{043D2125-80EB-49A1-ACE4-20AE90D45BEA} = {B840BCDC-370C-45CF-B7B2-AFF72FA55F76}
		{B2394BCC-B3F5-4072-B887-1510B6C84D2B} = {9FFCFF6C-BE1B-438D-A8B9-0AB65FD84C28}
		{ADAEFCDB-CAE9-45C1-BB45-D347914B541B} = {9FFCFF6C-BE1B-438D-A8B9-0AB65FD84C28}
		{8F04743D-0DBF-4016-9416-941145633995} = {5E2C4BB3-5E44-421E-89DD-C506E3DAAC0E}
		{CDE4770E-24EB-4C02-8EB6-DE0EC35D6F66} = {B840BCDC-370C-45CF-B7B2-AFF72FA55F76}
		{15A143CE-9FA4-438A-8AD9-6AF4F4FFA4D1} = {B840BCDC-370C-45CF-B7B2-AFF72FA55F76}
		{051A4EAA-2EF6-4BE4-BCE4-E341673B4C02} = {C3E43843-95EC-42E7-9623-E6C367DA06C6}
	EndGlobalSection
	GlobalSection(ExtensibilityGlobals) = postSolution
		SolutionGuid = {F0365679-2B04-4F41-9446-E899F813F0D7}
	EndGlobalSection
EndGlobal
